
Microsoft Visual Studio Solution File, Format Version 12.00
# Visual Studio 15
Project("{FAE04EC0-301F-11D3-BF4B-00C04F79EFBC}") = "Week7", "Week7\Week7.csproj", "{FFA212F5-8962-43E5-AB47-CFC344E73D1B}"
EndProject
Global
	GlobalSection(SolutionConfigurationPlatforms) = preSolution
		Debug|anycpu = Debug|anycpu
		Release|anycpu = Release|anycpu
	EndGlobalSection
	GlobalSection(ProjectConfigurationPlatforms) = postSolution
		{FFA212F5-8962-43E5-AB47-CFC344E73D1B}.Debug|anycpu.ActiveCfg = Debug|anycpu
		{FFA212F5-8962-43E5-AB47-CFC344E73D1B}.Debug|anycpu.Build.0 = Debug|anycpu
		{FFA212F5-8962-43E5-AB47-CFC344E73D1B}.Release|anycpu.ActiveCfg = Release|anycpu
		{FFA212F5-8962-43E5-AB47-CFC344E73D1B}.Release|anycpu.Build.0 = Release|anycpu
	EndGlobalSection
EndGlobal
