
Microsoft Visual Studio Solution File, Format Version 12.00
# Visual Studio 15
Project("{FAE04EC0-301F-11D3-BF4B-00C04F79EFBC}") = "Youtube_Video", "Youtube_Video\Youtube_Video.csproj", "{7C606DD5-9E89-4A68-9469-F0574E9DDBF3}"
EndProject
Global
	GlobalSection(SolutionConfigurationPlatforms) = preSolution
		Debug|anycpu = Debug|anycpu
		Release|anycpu = Release|anycpu
	EndGlobalSection
	GlobalSection(ProjectConfigurationPlatforms) = postSolution
		{7C606DD5-9E89-4A68-9469-F0574E9DDBF3}.Debug|anycpu.ActiveCfg = Debug|anycpu
		{7C606DD5-9E89-4A68-9469-F0574E9DDBF3}.Debug|anycpu.Build.0 = Debug|anycpu
		{7C606DD5-9E89-4A68-9469-F0574E9DDBF3}.Release|anycpu.ActiveCfg = Release|anycpu
		{7C606DD5-9E89-4A68-9469-F0574E9DDBF3}.Release|anycpu.Build.0 = Release|anycpu
	EndGlobalSection
EndGlobal
