
Microsoft Visual Studio Solution File, Format Version 12.00
# Visual Studio 15
Project("{FAE04EC0-301F-11D3-BF4B-00C04F79EFBC}") = "Throwing_Exceptions", "Throwing_Exceptions\Throwing_Exceptions.csproj", "{2105417C-C9E8-40B0-B02E-4637859ED710}"
EndProject
Global
	GlobalSection(SolutionConfigurationPlatforms) = preSolution
		Debug|anycpu = Debug|anycpu
		Release|anycpu = Release|anycpu
	EndGlobalSection
	GlobalSection(ProjectConfigurationPlatforms) = postSolution
		{2105417C-C9E8-40B0-B02E-4637859ED710}.Debug|anycpu.ActiveCfg = Debug|anycpu
		{2105417C-C9E8-40B0-B02E-4637859ED710}.Debug|anycpu.Build.0 = Debug|anycpu
		{2105417C-C9E8-40B0-B02E-4637859ED710}.Release|anycpu.ActiveCfg = Release|anycpu
		{2105417C-C9E8-40B0-B02E-4637859ED710}.Release|anycpu.Build.0 = Release|anycpu
	EndGlobalSection
EndGlobal
